
Microsoft Visual Studio Solution File, Format Version 12.00
# Visual Studio Version 17
VisualStudioVersion = 17.8.34322.80
MinimumVisualStudioVersion = 10.0.40219.1
Project("{FAE04EC0-301F-11D3-BF4B-00C04F79EFBC}") = "day2AdvCode2023", "day2AdvCode2023\day2AdvCode2023.csproj", "{4F49DF81-949F-48FF-8612-67D52670CE9E}"
EndProject
Global
	GlobalSection(SolutionConfigurationPlatforms) = preSolution
		Debug|Any CPU = Debug|Any CPU
		Release|Any CPU = Release|Any CPU
	EndGlobalSection
	GlobalSection(ProjectConfigurationPlatforms) = postSolution
		{4F49DF81-949F-48FF-8612-67D52670CE9E}.Debug|Any CPU.ActiveCfg = Debug|Any CPU
		{4F49DF81-949F-48FF-8612-67D52670CE9E}.Debug|Any CPU.Build.0 = Debug|Any CPU
		{4F49DF81-949F-48FF-8612-67D52670CE9E}.Release|Any CPU.ActiveCfg = Release|Any CPU
		{4F49DF81-949F-48FF-8612-67D52670CE9E}.Release|Any CPU.Build.0 = Release|Any CPU
	EndGlobalSection
	GlobalSection(SolutionProperties) = preSolution
		HideSolutionNode = FALSE
	EndGlobalSection
	GlobalSection(ExtensibilityGlobals) = postSolution
		SolutionGuid = {629CBDE3-006A-455F-BF52-54C5F53FF1E0}
	EndGlobalSection
EndGlobal
